
Microsoft Visual Studio Solution File, Format Version 10.00
# Visual Studio 2008
Project("{8BC9CEB8-8B4A-11D0-8D11-00A0C91BC942}") = "smallpt_SIMD", "smallpt_SIMD.vcproj", "{DAF992AD-90F2-48B5-926F-C0DA2B6BD289}"
EndProject
Global
	GlobalSection(SolutionConfigurationPlatforms) = preSolution
		Debug|Win32 = Debug|Win32
		Release OpenMP|Win32 = Release OpenMP|Win32
		Release|Win32 = Release|Win32
	EndGlobalSection
	GlobalSection(ProjectConfigurationPlatforms) = postSolution
		{DAF992AD-90F2-48B5-926F-C0DA2B6BD289}.Debug|Win32.ActiveCfg = Debug|Win32
		{DAF992AD-90F2-48B5-926F-C0DA2B6BD289}.Debug|Win32.Build.0 = Debug|Win32
		{DAF992AD-90F2-48B5-926F-C0DA2B6BD289}.Release OpenMP|Win32.ActiveCfg = Release OpenMP|Win32
		{DAF992AD-90F2-48B5-926F-C0DA2B6BD289}.Release OpenMP|Win32.Build.0 = Release OpenMP|Win32
		{DAF992AD-90F2-48B5-926F-C0DA2B6BD289}.Release|Win32.ActiveCfg = Release|Win32
		{DAF992AD-90F2-48B5-926F-C0DA2B6BD289}.Release|Win32.Build.0 = Release|Win32
	EndGlobalSection
	GlobalSection(SolutionProperties) = preSolution
		HideSolutionNode = FALSE
	EndGlobalSection
EndGlobal
